
Microsoft Visual Studio Solution File, Format Version 12.00
# Visual Studio Version 16
VisualStudioVersion = 16.0.29025.244
MinimumVisualStudioVersion = 10.0.40219.1
Project("{8BC9CEB8-8B4A-11D0-8D11-00A0C91BC942}") = "AES", "AES.vcxproj", "{D2E9B34B-AAD6-4C12-BA45-04011597CFE2}"
EndProject
Global
	GlobalSection(SolutionConfigurationPlatforms) = preSolution
		Debug|x64 = Debug|x64
		Debug|x86 = Debug|x86
		Release|x64 = Release|x64
		Release|x86 = Release|x86
	EndGlobalSection
	GlobalSection(ProjectConfigurationPlatforms) = postSolution
		{D2E9B34B-AAD6-4C12-BA45-04011597CFE2}.Debug|x64.ActiveCfg = Debug|x64
		{D2E9B34B-AAD6-4C12-BA45-04011597CFE2}.Debug|x64.Build.0 = Debug|x64
		{D2E9B34B-AAD6-4C12-BA45-04011597CFE2}.Debug|x86.ActiveCfg = Debug|Win32
		{D2E9B34B-AAD6-4C12-BA45-04011597CFE2}.Debug|x86.Build.0 = Debug|Win32
		{D2E9B34B-AAD6-4C12-BA45-04011597CFE2}.Release|x64.ActiveCfg = Release|x64
		{D2E9B34B-AAD6-4C12-BA45-04011597CFE2}.Release|x64.Build.0 = Release|x64
		{D2E9B34B-AAD6-4C12-BA45-04011597CFE2}.Release|x86.ActiveCfg = Release|Win32
		{D2E9B34B-AAD6-4C12-BA45-04011597CFE2}.Release|x86.Build.0 = Release|Win32
	EndGlobalSection
	GlobalSection(SolutionProperties) = preSolution
		HideSolutionNode = FALSE
	EndGlobalSection
	GlobalSection(ExtensibilityGlobals) = postSolution
		SolutionGuid = {E6D14B3E-CCA3-4169-8208-AD0621E8DBC2}
	EndGlobalSection
EndGlobal
